# THIS IS AN AUTOGENERATED FILE. DO NOT EDIT THIS FILE DIRECTLY.
# yarn lockfile v1


abab@^2.0.0:
  version "2.0.0"
  resolved "http://registry.npm.taobao.org/abab/download/abab-2.0.0.tgz#aba0ab4c5eee2d4c79d3487d85450fb2376ebb0f"
  integrity sha1-q6CrTF7uLUx500h9hUUPsjduuw8=

acorn-globals@^4.3.0:
  version "4.3.0"
  resolved "http://registry.npm.taobao.org/acorn-globals/download/acorn-globals-4.3.0.tgz#e3b6f8da3c1552a95ae627571f7dd6923bb54103"
  integrity sha1-47b42jwVUqla5idXH33Wkju1QQM=
  dependencies:
    acorn "^6.0.1"
    acorn-walk "^6.0.1"

acorn-walk@^6.0.1:
  version "6.1.1"
  resolved "http://registry.npm.taobao.org/acorn-walk/download/acorn-walk-6.1.1.tgz#d363b66f5fac5f018ff9c3a1e7b6f8e310cc3913"
  integrity sha1-02O2b1+sXwGP+cOh57b44xDMORM=

acorn@^6.0.1, acorn@^6.0.4:
  version "6.0.6"
  resolved "http://registry.npm.taobao.org/acorn/download/acorn-6.0.6.tgz#cd75181670d5b99bdb1b1c993941d3a239ab1f56"
  integrity sha1-zXUYFnDVuZvbGxyZOUHTojmrH1Y=

ajv@^6.5.5:
  version "6.7.0"
  resolved "http://registry.npm.taobao.org/ajv/download/ajv-6.7.0.tgz#e3ce7bb372d6577bb1839f1dfdfcbf5ad2948d96"
  integrity sha1-4857s3LWV3uxg58d/fy/WtKUjZY=
  dependencies:
    fast-deep-equal "^2.0.1"
    fast-json-stable-stringify "^2.0.0"
    json-schema-traverse "^0.4.1"
    uri-js "^4.2.2"

array-equal@^1.0.0:
  version "1.0.0"
  resolved "http://registry.npm.taobao.org/array-equal/download/array-equal-1.0.0.tgz#8c2a5ef2472fd9ea742b04c77a75093ba2757c93"
  integrity sha1-jCpe8kcv2ep0KwTHenUJO6J1fJM=

asn1@~0.2.3:
  version "0.2.4"
  resolved "http://registry.npm.taobao.org/asn1/download/asn1-0.2.4.tgz#8d2475dfab553bb33e77b54e59e880bb8ce23136"
  integrity sha1-jSR136tVO7M+d7VOWeiAu4ziMTY=
  dependencies:
    safer-buffer "~2.1.0"

assert-plus@1.0.0, assert-plus@^1.0.0:
  version "1.0.0"
  resolved "http://registry.npm.taobao.org/assert-plus/download/assert-plus-1.0.0.tgz#f12e0f3c5d77b0b1cdd9146942e4e96c1e4dd525"
  integrity sha1-8S4PPF13sLHN2RRpQuTpbB5N1SU=

async-limiter@~1.0.0:
  version "1.0.0"
  resolved "http://registry.npm.taobao.org/async-limiter/download/async-limiter-1.0.0.tgz#78faed8c3d074ab81f22b4e985d79e8738f720f8"
  integrity sha1-ePrtjD0HSrgfIrTphdeehzj3IPg=

async@^2.6.1:
  version "2.6.1"
  resolved "http://registry.npm.taobao.org/async/download/async-2.6.1.tgz#b245a23ca71930044ec53fa46aa00a3e87c6a610"
  integrity sha1-skWiPKcZMAROxT+kaqAKPofGphA=
  dependencies:
    lodash "^4.17.10"

asynckit@^0.4.0:
  version "0.4.0"
  resolved "http://registry.npm.taobao.org/asynckit/download/asynckit-0.4.0.tgz#c79ed97f7f34cb8f2ba1bc9790bcc366474b4b79"
  integrity sha1-x57Zf380y48robyXkLzDZkdLS3k=

aws-sign2@~0.7.0:
  version "0.7.0"
  resolved "http://registry.npm.taobao.org/aws-sign2/download/aws-sign2-0.7.0.tgz#b46e890934a9591f2d2f6f86d7e6a9f1b3fe76a8"
  integrity sha1-tG6JCTSpWR8tL2+G1+ap8bP+dqg=

aws4@^1.8.0:
  version "1.8.0"
  resolved "http://registry.npm.taobao.org/aws4/download/aws4-1.8.0.tgz#f0e003d9ca9e7f59c7a508945d7b2ef9a04a542f"
  integrity sha1-8OAD2cqef1nHpQiUXXsu+aBKVC8=

bcrypt-pbkdf@^1.0.0:
  version "1.0.2"
  resolved "http://registry.npm.taobao.org/bcrypt-pbkdf/download/bcrypt-pbkdf-1.0.2.tgz#a4301d389b6a43f9b67ff3ca11a3f6637e360e9e"
  integrity sha1-pDAdOJtqQ/m2f/PKEaP2Y342Dp4=
  dependencies:
    tweetnacl "^0.14.3"

bindings@~1.2.1:
  version "1.2.1"
  resolved "http://registry.npm.taobao.org/bindings/download/bindings-1.2.1.tgz#14ad6113812d2d37d72e67b4cacb4bb726505f11"
  integrity sha1-FK1hE4EtLTfXLme0ystLtyZQXxE=

bluebird@^3.5.0, bluebird@^3.5.3:
  version "3.5.3"
  resolved "http://registry.npm.taobao.org/bluebird/download/bluebird-3.5.3.tgz#7d01c6f9616c9a51ab0f8c549a79dfe6ec33efa7"
  integrity sha1-fQHG+WFsmlGrD4xUmnnf5uwz76c=

browser-process-hrtime@^0.1.2:
  version "0.1.3"
  resolved "http://registry.npm.taobao.org/browser-process-hrtime/download/browser-process-hrtime-0.1.3.tgz#616f00faef1df7ec1b5bf9cfe2bdc3170f26c7b4"
  integrity sha1-YW8A+u8d9+wbW/nP4r3DFw8mx7Q=

caseless@~0.12.0:
  version "0.12.0"
  resolved "http://registry.npm.taobao.org/caseless/download/caseless-0.12.0.tgz#1b681c21ff84033c826543090689420d187151dc"
  integrity sha1-G2gcIf+EAzyCZUMJBolCDRhxUdw=

colors@1.3.3:
  version "1.3.3"
  resolved "http://registry.npm.taobao.org/colors/download/colors-1.3.3.tgz#39e005d546afe01e01f9c4ca8fa50f686a01205d"
  integrity sha1-OeAF1Uav4B4B+cTKj6UPaGoBIF0=

combined-stream@^1.0.6, combined-stream@~1.0.6:
  version "1.0.7"
  resolved "http://registry.npm.taobao.org/combined-stream/download/combined-stream-1.0.7.tgz#2d1d24317afb8abe95d6d2c0b07b57813539d828"
  integrity sha1-LR0kMXr7ir6V1tLAsHtXgTU52Cg=
  dependencies:
    delayed-stream "~1.0.0"

core-util-is@1.0.2:
  version "1.0.2"
  resolved "http://registry.npm.taobao.org/core-util-is/download/core-util-is-1.0.2.tgz#b5fd54220aa2bc5ab57aab7140c940754503c1a7"
  integrity sha1-tf1UIgqivFq1eqtxQMlAdUUDwac=

cssom@0.3.x, cssom@^0.3.4:
  version "0.3.4"
  resolved "http://registry.npm.taobao.org/cssom/download/cssom-0.3.4.tgz#8cd52e8a3acfd68d3aed38ee0a640177d2f9d797"
  integrity sha1-jNUuijrP1o067TjuCmQBd9L515c=

cssstyle@^1.1.1:
  version "1.1.1"
  resolved "http://registry.npm.taobao.org/cssstyle/download/cssstyle-1.1.1.tgz#18b038a9c44d65f7a8e428a653b9f6fe42faf5fb"
  integrity sha1-GLA4qcRNZfeo5CimU7n2/kL69fs=
  dependencies:
    cssom "0.3.x"

dashdash@^1.12.0:
  version "1.14.1"
  resolved "http://registry.npm.taobao.org/dashdash/download/dashdash-1.14.1.tgz#853cfa0f7cbe2fed5de20326b8dd581035f6e2f0"
  integrity sha1-hTz6D3y+L+1d4gMmuN1YEDX24vA=
  dependencies:
    assert-plus "^1.0.0"

data-urls@^1.1.0:
  version "1.1.0"
  resolved "http://registry.npm.taobao.org/data-urls/download/data-urls-1.1.0.tgz#15ee0582baa5e22bb59c77140da8f9c76963bbfe"
  integrity sha1-Fe4Fgrql4iu1nHcUDaj5x2lju/4=
  dependencies:
    abab "^2.0.0"
    whatwg-mimetype "^2.2.0"
    whatwg-url "^7.0.0"

date-format@^2.0.0:
  version "2.0.0"
  resolved "http://registry.npm.taobao.org/date-format/download/date-format-2.0.0.tgz#7cf7b172f1ec564f0003b39ea302c5498fb98c8f"
  integrity sha1-fPexcvHsVk8AA7OeowLFSY+5jI8=

dateformat@3.0.3:
  version "3.0.3"
  resolved "http://registry.npm.taobao.org/dateformat/download/dateformat-3.0.3.tgz#a6e37499a4d9a9cf85ef5872044d62901c9889ae"
  integrity sha1-puN0maTZqc+F71hyBE1ikByYia4=

deasync-promise@1.0.1:
  version "1.0.1"
  resolved "http://registry.npm.taobao.org/deasync-promise/download/deasync-promise-1.0.1.tgz#2b27de478167af4ef34ba99879c52ec0cedd61c2"
  integrity sha1-KyfeR4Fnr07zS6mYecUuwM7dYcI=
  dependencies:
    deasync "^0.1.7"

deasync@^0.1.7:
  version "0.1.14"
  resolved "http://registry.npm.taobao.org/deasync/download/deasync-0.1.14.tgz#232ea2252b443948cad033d792eb3b24b0a3d828"
  integrity sha1-Iy6iJStEOUjK0DPXkus7JLCj2Cg=
  dependencies:
    bindings "~1.2.1"
    node-addon-api "^1.6.0"

debug@^3.1.0:
  version "3.2.6"
  resolved "http://registry.npm.taobao.org/debug/download/debug-3.2.6.tgz#e83d17de16d8a7efb7717edbe5fb10135eee629b"
  integrity sha1-6D0X3hbYp++3cX7b5fsQE17uYps=
  dependencies:
    ms "^2.1.1"

deep-is@~0.1.3:
  version "0.1.3"
  resolved "http://registry.npm.taobao.org/deep-is/download/deep-is-0.1.3.tgz#b369d6fb5dbc13eecf524f91b070feedc357cf34"
  integrity sha1-s2nW+128E+7PUk+RsHD+7cNXzzQ=

delayed-stream@~1.0.0:
  version "1.0.0"
  resolved "http://registry.npm.taobao.org/delayed-stream/download/delayed-stream-1.0.0.tgz#df3ae199acadfb7d440aaae0b29e2272b24ec619"
  integrity sha1-3zrhmayt+31ECqrgsp4icrJOxhk=

domexception@^1.0.1:
  version "1.0.1"
  resolved "http://registry.npm.taobao.org/domexception/download/domexception-1.0.1.tgz#937442644ca6a31261ef36e3ec677fe805582c90"
  integrity sha1-k3RCZEymoxJh7zbj7Gd/6AVYLJA=
  dependencies:
    webidl-conversions "^4.0.2"

ecc-jsbn@~0.1.1:
  version "0.1.2"
  resolved "http://registry.npm.taobao.org/ecc-jsbn/download/ecc-jsbn-0.1.2.tgz#3a83a904e54353287874c564b7549386849a98c9"
  integrity sha1-OoOpBOVDUyh4dMVkt1SThoSamMk=
  dependencies:
    jsbn "~0.1.0"
    safer-buffer "^2.1.0"

escodegen@^1.11.0:
  version "1.11.0"
  resolved "http://registry.npm.taobao.org/escodegen/download/escodegen-1.11.0.tgz#b27a9389481d5bfd5bec76f7bb1eb3f8f4556589"
  integrity sha1-snqTiUgdW/1b7Hb3ux6z+PRVZYk=
  dependencies:
    esprima "^3.1.3"
    estraverse "^4.2.0"
    esutils "^2.0.2"
    optionator "^0.8.1"
  optionalDependencies:
    source-map "~0.6.1"

esprima@^3.1.3:
  version "3.1.3"
  resolved "http://registry.npm.taobao.org/esprima/download/esprima-3.1.3.tgz#fdca51cee6133895e3c88d535ce49dbff62a4633"
  integrity sha1-/cpRzuYTOJXjyI1TXOSdv/YqRjM=

estraverse@^4.2.0:
  version "4.2.0"
  resolved "http://registry.npm.taobao.org/estraverse/download/estraverse-4.2.0.tgz#0dee3fed31fcd469618ce7342099fc1afa0bdb13"
  integrity sha1-De4/7TH81GlhjOc0IJn8GvoL2xM=

esutils@^2.0.2:
  version "2.0.2"
  resolved "http://registry.npm.taobao.org/esutils/download/esutils-2.0.2.tgz#0abf4f1caa5bcb1f7a9d8acc6dea4faaa04bac9b"
  integrity sha1-Cr9PHKpbyx96nYrMbepPqqBLrJs=

extend@~3.0.2:
  version "3.0.2"
  resolved "http://registry.npm.taobao.org/extend/download/extend-3.0.2.tgz#f8b1136b4071fbd8eb140aff858b1019ec2915fa"
  integrity sha1-+LETa0Bx+9jrFAr/hYsQGewpFfo=

extsprintf@1.3.0:
  version "1.3.0"
  resolved "http://registry.npm.taobao.org/extsprintf/download/extsprintf-1.3.0.tgz#96918440e3041a7a414f8c52e3c574eb3c3e1e05"
  integrity sha1-lpGEQOMEGnpBT4xS48V06zw+HgU=

extsprintf@^1.2.0:
  version "1.4.0"
  resolved "http://registry.npm.taobao.org/extsprintf/download/extsprintf-1.4.0.tgz#e2689f8f356fad62cca65a3a91c5df5f9551692f"
  integrity sha1-4mifjzVvrWLMplo6kcXfX5VRaS8=

fast-deep-equal@^2.0.1:
  version "2.0.1"
  resolved "http://registry.npm.taobao.org/fast-deep-equal/download/fast-deep-equal-2.0.1.tgz#7b05218ddf9667bf7f370bf7fdb2cb15fdd0aa49"
  integrity sha1-ewUhjd+WZ79/Nwv3/bLLFf3Qqkk=

fast-json-stable-stringify@^2.0.0:
  version "2.0.0"
  resolved "http://registry.npm.taobao.org/fast-json-stable-stringify/download/fast-json-stable-stringify-2.0.0.tgz#d5142c0caee6b1189f87d3a76111064f86c8bbf2"
  integrity sha1-1RQsDK7msRifh9OnYREGT4bIu/I=

fast-levenshtein@~2.0.4:
  version "2.0.6"
  resolved "http://registry.npm.taobao.org/fast-levenshtein/download/fast-levenshtein-2.0.6.tgz#3d8a5c66883a16a30ca8643e851f19baa7797917"
  integrity sha1-PYpcZog6FqMMqGQ+hR8Zuqd5eRc=

flatted@^2.0.0:
  version "2.0.0"
  resolved "http://registry.npm.taobao.org/flatted/download/flatted-2.0.0.tgz#55122b6536ea496b4b44893ee2608141d10d9916"
  integrity sha1-VRIrZTbqSWtLRIk+4mCBQdENmRY=

forever-agent@~0.6.1:
  version "0.6.1"
  resolved "http://registry.npm.taobao.org/forever-agent/download/forever-agent-0.6.1.tgz#fbc71f0c41adeb37f96c577ad1ed42d8fdacca91"
  integrity sha1-+8cfDEGt6zf5bFd60e1C2P2sypE=

form-data@~2.3.2:
  version "2.3.3"
  resolved "http://registry.npm.taobao.org/form-data/download/form-data-2.3.3.tgz#dcce52c05f644f298c6a7ab936bd724ceffbf3a6"
  integrity sha1-3M5SwF9kTymManq5Nr1yTO/786Y=
  dependencies:
    asynckit "^0.4.0"
    combined-stream "^1.0.6"
    mime-types "^2.1.12"

fs-extra@^7.0.0:
  version "7.0.1"
  resolved "http://registry.npm.taobao.org/fs-extra/download/fs-extra-7.0.1.tgz#4f189c44aa123b895f722804f55ea23eadc348e9"
  integrity sha1-TxicRKoSO4lfcigE9V6iPq3DSOk=
  dependencies:
    graceful-fs "^4.1.2"
    jsonfile "^4.0.0"
    universalify "^0.1.0"

getpass@^0.1.1:
  version "0.1.7"
  resolved "http://registry.npm.taobao.org/getpass/download/getpass-0.1.7.tgz#5eff8e3e684d569ae4cb2b1282604e8ba62149fa"
  integrity sha1-Xv+OPmhNVprkyysSgmBOi6YhSfo=
  dependencies:
    assert-plus "^1.0.0"

graceful-fs@^4.1.2, graceful-fs@^4.1.6:
  version "4.1.15"
  resolved "http://registry.npm.taobao.org/graceful-fs/download/graceful-fs-4.1.15.tgz#ffb703e1066e8a0eeaa4c8b80ba9253eeefbfb00"
  integrity sha1-/7cD4QZuig7qpMi4C6klPu77+wA=

har-schema@^2.0.0:
  version "2.0.0"
  resolved "http://registry.npm.taobao.org/har-schema/download/har-schema-2.0.0.tgz#a94c2224ebcac04782a0d9035521f24735b7ec92"
  integrity sha1-qUwiJOvKwEeCoNkDVSHyRzW37JI=

har-validator@~5.1.0:
  version "5.1.3"
  resolved "http://registry.npm.taobao.org/har-validator/download/har-validator-5.1.3.tgz#1ef89ebd3e4996557675eed9893110dc350fa080"
  integrity sha1-HvievT5JllV2de7ZiTEQ3DUPoIA=
  dependencies:
    ajv "^6.5.5"
    har-schema "^2.0.0"

html-encoding-sniffer@^1.0.2:
  version "1.0.2"
  resolved "http://registry.npm.taobao.org/html-encoding-sniffer/download/html-encoding-sniffer-1.0.2.tgz#e70d84b94da53aa375e11fe3a351be6642ca46f8"
  integrity sha1-5w2EuU2lOqN14R/jo1G+ZkLKRvg=
  dependencies:
    whatwg-encoding "^1.0.1"

http-signature@~1.2.0:
  version "1.2.0"
  resolved "http://registry.npm.taobao.org/http-signature/download/http-signature-1.2.0.tgz#9aecd925114772f3d95b65a60abb8f7c18fbace1"
  integrity sha1-muzZJRFHcvPZW2WmCruPfBj7rOE=
  dependencies:
    assert-plus "^1.0.0"
    jsprim "^1.2.2"
    sshpk "^1.7.0"

iconv-lite@0.4.24, iconv-lite@^0.4.24:
  version "0.4.24"
  resolved "http://registry.npm.taobao.org/iconv-lite/download/iconv-lite-0.4.24.tgz#2022b4b25fbddc21d2f524974a474aafe733908b"
  integrity sha1-ICK0sl+93CHS9SSXSkdKr+czkIs=
  dependencies:
    safer-buffer ">= 2.1.2 < 3"

ip-regex@^3.0.0:
  version "3.0.0"
  resolved "http://registry.npm.taobao.org/ip-regex/download/ip-regex-3.0.0.tgz#0a934694b4066558c46294244a23cc33116bf732"
  integrity sha1-CpNGlLQGZVjEYpQkSiPMMxFr9zI=

is-typedarray@~1.0.0:
  version "1.0.0"
  resolved "http://registry.npm.taobao.org/is-typedarray/download/is-typedarray-1.0.0.tgz#e479c80858df0c1b11ddda6940f96011fcda4a9a"
  integrity sha1-5HnICFjfDBsR3dppQPlgEfzaSpo=

isstream@~0.1.2:
  version "0.1.2"
  resolved "http://registry.npm.taobao.org/isstream/download/isstream-0.1.2.tgz#47e63f7af55afa6f92e1500e690eb8b8529c099a"
  integrity sha1-R+Y/evVa+m+S4VAOaQ64uFKcCZo=

jquery@^3.3.1:
  version "3.3.1"
  resolved "http://registry.npm.taobao.org/jquery/download/jquery-3.3.1.tgz#958ce29e81c9790f31be7792df5d4d95fc57fbca"
  integrity sha1-lYzinoHJeQ8xvneS311NlfxX+8o=

jsbn@~0.1.0:
  version "0.1.1"
  resolved "http://registry.npm.taobao.org/jsbn/download/jsbn-0.1.1.tgz#a5e654c2e5a2deb5f201d96cefbca80c0ef2f513"
  integrity sha1-peZUwuWi3rXyAdls77yoDA7y9RM=

jsdom@^13.2.0:
  version "13.2.0"
  resolved "http://registry.npm.taobao.org/jsdom/download/jsdom-13.2.0.tgz#b1a0dbdadc255435262be8ea3723d2dba0d7eb3a"
  integrity sha1-saDb2twlVDUmK+jqNyPS26DX6zo=
  dependencies:
    abab "^2.0.0"
    acorn "^6.0.4"
    acorn-globals "^4.3.0"
    array-equal "^1.0.0"
    cssom "^0.3.4"
    cssstyle "^1.1.1"
    data-urls "^1.1.0"
    domexception "^1.0.1"
    escodegen "^1.11.0"
    html-encoding-sniffer "^1.0.2"
    nwsapi "^2.0.9"
    parse5 "5.1.0"
    pn "^1.1.0"
    request "^2.88.0"
    request-promise-native "^1.0.5"
    saxes "^3.1.5"
    symbol-tree "^3.2.2"
    tough-cookie "^2.5.0"
    w3c-hr-time "^1.0.1"
    w3c-xmlserializer "^1.0.1"
    webidl-conversions "^4.0.2"
    whatwg-encoding "^1.0.5"
    whatwg-mimetype "^2.3.0"
    whatwg-url "^7.0.0"
    ws "^6.1.2"
    xml-name-validator "^3.0.0"

json-schema-traverse@^0.4.1:
  version "0.4.1"
  resolved "http://registry.npm.taobao.org/json-schema-traverse/download/json-schema-traverse-0.4.1.tgz#69f6a87d9513ab8bb8fe63bdb0979c448e684660"
  integrity sha1-afaofZUTq4u4/mO9sJecRI5oRmA=

json-schema@0.2.3:
  version "0.2.3"
  resolved "http://registry.npm.taobao.org/json-schema/download/json-schema-0.2.3.tgz#b480c892e59a2f05954ce727bd3f2a4e882f9e13"
  integrity sha1-tIDIkuWaLwWVTOcnvT8qTogvnhM=

json-stringify-safe@~5.0.1:
  version "5.0.1"
  resolved "http://registry.npm.taobao.org/json-stringify-safe/download/json-stringify-safe-5.0.1.tgz#1296a2d58fd45f19a0f6ce01d65701e2c735b6eb"
  integrity sha1-Epai1Y/UXxmg9s4B1lcB4sc1tus=

jsonfile@^4.0.0:
  version "4.0.0"
  resolved "http://registry.npm.taobao.org/jsonfile/download/jsonfile-4.0.0.tgz#8771aae0799b64076b76640fca058f9c10e33ecb"
  integrity sha1-h3Gq4HmbZAdrdmQPygWPnBDjPss=
  optionalDependencies:
    graceful-fs "^4.1.6"

jsprim@^1.2.2:
  version "1.4.1"
  resolved "http://registry.npm.taobao.org/jsprim/download/jsprim-1.4.1.tgz#313e66bc1e5cc06e438bc1b7499c2e5c56acb6a2"
  integrity sha1-MT5mvB5cwG5Di8G3SZwuXFastqI=
  dependencies:
    assert-plus "1.0.0"
    extsprintf "1.3.0"
    json-schema "0.2.3"
    verror "1.10.0"

levn@~0.3.0:
  version "0.3.0"
  resolved "http://registry.npm.taobao.org/levn/download/levn-0.3.0.tgz#3b09924edf9f083c0490fdd4c0bc4421e04764ee"
  integrity sha1-OwmSTt+fCDwEkP3UwLxEIeBHZO4=
  dependencies:
    prelude-ls "~1.1.2"
    type-check "~0.3.2"

lodash.sortby@^4.7.0:
  version "4.7.0"
  resolved "http://registry.npm.taobao.org/lodash.sortby/download/lodash.sortby-4.7.0.tgz#edd14c824e2cc9c1e0b0a1b42bb5210516a42438"
  integrity sha1-7dFMgk4sycHgsKG0K7UhBRakJDg=

lodash@^4.13.1, lodash@^4.17.10:
  version "4.17.11"
  resolved "http://registry.npm.taobao.org/lodash/download/lodash-4.17.11.tgz#b39ea6229ef607ecd89e2c8df12536891cac9b8d"
  integrity sha1-s56mIp72B+zYniyN8SU2iRysm40=

log4js@^4.0.1:
  version "4.0.1"
  resolved "http://registry.npm.taobao.org/log4js/download/log4js-4.0.1.tgz#34bd63d9a06fe98fc2f7df90506c8db7eb722625"
  integrity sha1-NL1j2aBv6Y/C99+QUGyNt+tyJiU=
  dependencies:
    date-format "^2.0.0"
    debug "^3.1.0"
    flatted "^2.0.0"
    rfdc "^1.1.2"
    streamroller "^1.0.1"

mime-db@~1.37.0:
  version "1.37.0"
  resolved "http://registry.npm.taobao.org/mime-db/download/mime-db-1.37.0.tgz#0b6a0ce6fdbe9576e25f1f2d2fde8830dc0ad0d8"
  integrity sha1-C2oM5v2+lXbiXx8tL96IMNwK0Ng=

mime-types@^2.1.12, mime-types@~2.1.19:
  version "2.1.21"
  resolved "http://registry.npm.taobao.org/mime-types/download/mime-types-2.1.21.tgz#28995aa1ecb770742fe6ae7e58f9181c744b3f96"
  integrity sha1-KJlaoey3cHQv5q5+WPkYHHRLP5Y=
  dependencies:
    mime-db "~1.37.0"

minimist@0.0.8:
  version "0.0.8"
  resolved "http://registry.npm.taobao.org/minimist/download/minimist-0.0.8.tgz#857fcabfc3397d2625b8228262e86aa7a011b05d"
  integrity sha1-hX/Kv8M5fSYluCKCYuhqp6ARsF0=

mkdirp@^0.5.1:
  version "0.5.1"
  resolved "http://registry.npm.taobao.org/mkdirp/download/mkdirp-0.5.1.tgz#30057438eac6cf7f8c4767f38648d6697d75c903"
  integrity sha1-MAV0OOrGz3+MR2fzhkjWaX11yQM=
  dependencies:
    minimist "0.0.8"

ms@^2.1.1:
  version "2.1.1"
  resolved "http://registry.npm.taobao.org/ms/download/ms-2.1.1.tgz#30a5864eb3ebb0a66f2ebe6d727af06a09d86e0a"
  integrity sha1-MKWGTrPrsKZvLr5tcnrwagnYbgo=

node-addon-api@^1.6.0:
  version "1.6.2"
  resolved "http://registry.npm.taobao.org/node-addon-api/download/node-addon-api-1.6.2.tgz#d8aad9781a5cfc4132cc2fecdbdd982534265217"
  integrity sha1-2KrZeBpc/EEyzC/s292YJTQmUhc=

nwsapi@^2.0.9:
  version "2.0.9"
  resolved "http://registry.npm.taobao.org/nwsapi/download/nwsapi-2.0.9.tgz#77ac0cdfdcad52b6a1151a84e73254edc33ed016"
  integrity sha1-d6wM39ytUrahFRqE5zJU7cM+0BY=

oauth-sign@~0.9.0:
  version "0.9.0"
  resolved "http://registry.npm.taobao.org/oauth-sign/download/oauth-sign-0.9.0.tgz#47a7b016baa68b5fa0ecf3dee08a85c679ac6455"
  integrity sha1-R6ewFrqmi1+g7PPe4IqFxnmsZFU=

optionator@^0.8.1:
  version "0.8.2"
  resolved "http://registry.npm.taobao.org/optionator/download/optionator-0.8.2.tgz#364c5e409d3f4d6301d6c0b4c05bba50180aeb64"
  integrity sha1-NkxeQJ0/TWMB1sC0wFu6UBgK62Q=
  dependencies:
    deep-is "~0.1.3"
    fast-levenshtein "~2.0.4"
    levn "~0.3.0"
    prelude-ls "~1.1.2"
    type-check "~0.3.2"
    wordwrap "~1.0.0"

parse5@5.1.0:
  version "5.1.0"
  resolved "http://registry.npm.taobao.org/parse5/download/parse5-5.1.0.tgz#c59341c9723f414c452975564c7c00a68d58acd2"
  integrity sha1-xZNByXI/QUxFKXVWTHwApo1YrNI=

performance-now@^2.1.0:
  version "2.1.0"
  resolved "http://registry.npm.taobao.org/performance-now/download/performance-now-2.1.0.tgz#6309f4e0e5fa913ec1c69307ae364b4b377c9e7b"
  integrity sha1-Ywn04OX6kT7BxpMHrjZLSzd8nns=

pn@^1.1.0:
  version "1.1.0"
  resolved "http://registry.npm.taobao.org/pn/download/pn-1.1.0.tgz#e2f4cef0e219f463c179ab37463e4e1ecdccbafb"
  integrity sha1-4vTO8OIZ9GPBeas3Rj5OHs3Muvs=

prelude-ls@~1.1.2:
  version "1.1.2"
  resolved "http://registry.npm.taobao.org/prelude-ls/download/prelude-ls-1.1.2.tgz#21932a549f5e52ffd9a827f570e04be62a97da54"
  integrity sha1-IZMqVJ9eUv/ZqCf1cOBL5iqX2lQ=

psl@^1.1.24, psl@^1.1.28:
  version "1.1.31"
  resolved "http://registry.npm.taobao.org/psl/download/psl-1.1.31.tgz#e9aa86d0101b5b105cbe93ac6b784cd547276184"
  integrity sha1-6aqG0BAbWxBcvpOsa3hM1UcnYYQ=

punycode@^1.4.1:
  version "1.4.1"
  resolved "http://registry.npm.taobao.org/punycode/download/punycode-1.4.1.tgz#c0d5a63b2718800ad8e1eb0fa5269c84dd41845e"
  integrity sha1-wNWmOycYgArY4esPpSachN1BhF4=

punycode@^2.1.0, punycode@^2.1.1:
  version "2.1.1"
  resolved "http://registry.npm.taobao.org/punycode/download/punycode-2.1.1.tgz#b58b010ac40c22c5657616c8d2c2c02c7bf479ec"
  integrity sha1-tYsBCsQMIsVldhbI0sLALHv0eew=

qs@~6.5.2:
  version "6.5.2"
  resolved "http://registry.npm.taobao.org/qs/download/qs-6.5.2.tgz#cb3ae806e8740444584ef154ce8ee98d403f3e36"
  integrity sha1-yzroBuh0BERYTvFUzo7pjUA/PjY=

request-promise-core@1.1.1:
  version "1.1.1"
  resolved "http://registry.npm.taobao.org/request-promise-core/download/request-promise-core-1.1.1.tgz#3eee00b2c5aa83239cfb04c5700da36f81cd08b6"
  integrity sha1-Pu4AssWqgyOc+wTFcA2jb4HNCLY=
  dependencies:
    lodash "^4.13.1"

request-promise-native@^1.0.5:
  version "1.0.5"
  resolved "http://registry.npm.taobao.org/request-promise-native/download/request-promise-native-1.0.5.tgz#5281770f68e0c9719e5163fd3fab482215f4fda5"
  integrity sha1-UoF3D2jgyXGeUWP9P6tIIhX0/aU=
  dependencies:
    request-promise-core "1.1.1"
    stealthy-require "^1.1.0"
    tough-cookie ">=2.3.3"

request-promise@^4.2.2:
  version "4.2.2"
  resolved "http://registry.npm.taobao.org/request-promise/download/request-promise-4.2.2.tgz#d1ea46d654a6ee4f8ee6a4fea1018c22911904b4"
  integrity sha1-0epG1lSm7k+O5qT+oQGMIpEZBLQ=
  dependencies:
    bluebird "^3.5.0"
    request-promise-core "1.1.1"
    stealthy-require "^1.1.0"
    tough-cookie ">=2.3.3"

request@^2.88.0:
  version "2.88.0"
  resolved "http://registry.npm.taobao.org/request/download/request-2.88.0.tgz#9c2fca4f7d35b592efe57c7f0a55e81052124fef"
  integrity sha1-nC/KT301tZLv5Xx/ClXoEFIST+8=
  dependencies:
    aws-sign2 "~0.7.0"
    aws4 "^1.8.0"
    caseless "~0.12.0"
    combined-stream "~1.0.6"
    extend "~3.0.2"
    forever-agent "~0.6.1"
    form-data "~2.3.2"
    har-validator "~5.1.0"
    http-signature "~1.2.0"
    is-typedarray "~1.0.0"
    isstream "~0.1.2"
    json-stringify-safe "~5.0.1"
    mime-types "~2.1.19"
    oauth-sign "~0.9.0"
    performance-now "^2.1.0"
    qs "~6.5.2"
    safe-buffer "^5.1.2"
    tough-cookie "~2.4.3"
    tunnel-agent "^0.6.0"
    uuid "^3.3.2"

rfdc@^1.1.2:
  version "1.1.2"
  resolved "http://registry.npm.taobao.org/rfdc/download/rfdc-1.1.2.tgz#e6e72d74f5dc39de8f538f65e00c36c18018e349"
  integrity sha1-5uctdPXcOd6PU49l4Aw2wYAY40k=

safe-buffer@^5.0.1, safe-buffer@^5.1.2:
  version "5.1.2"
  resolved "http://registry.npm.taobao.org/safe-buffer/download/safe-buffer-5.1.2.tgz#991ec69d296e0313747d59bdfd2b745c35f8828d"
  integrity sha1-mR7GnSluAxN0fVm9/St0XDX4go0=

"safer-buffer@>= 2.1.2 < 3", safer-buffer@^2.0.2, safer-buffer@^2.1.0, safer-buffer@~2.1.0:
  version "2.1.2"
  resolved "http://registry.npm.taobao.org/safer-buffer/download/safer-buffer-2.1.2.tgz#44fa161b0187b9549dd84bb91802f9bd8385cd6a"
  integrity sha1-RPoWGwGHuVSd2Eu5GAL5vYOFzWo=

saxes@^3.1.5:
  version "3.1.6"
  resolved "http://registry.npm.taobao.org/saxes/download/saxes-3.1.6.tgz#2d948a47b54918516c5a64096f08865deb5bd8cd"
  integrity sha1-LZSKR7VJGFFsWmQJbwiGXetb2M0=
  dependencies:
    xmlchars "^1.3.1"

source-map@~0.6.1:
  version "0.6.1"
  resolved "http://registry.npm.taobao.org/source-map/download/source-map-0.6.1.tgz#74722af32e9614e9c287a8d0bbde48b5e2f1a263"
  integrity sha1-dHIq8y6WFOnCh6jQu95IteLxomM=

sshpk@^1.7.0:
  version "1.16.1"
  resolved "http://registry.npm.taobao.org/sshpk/download/sshpk-1.16.1.tgz#fb661c0bef29b39db40769ee39fa70093d6f6877"
  integrity sha1-+2YcC+8ps520B2nuOfpwCT1vaHc=
  dependencies:
    asn1 "~0.2.3"
    assert-plus "^1.0.0"
    bcrypt-pbkdf "^1.0.0"
    dashdash "^1.12.0"
    ecc-jsbn "~0.1.1"
    getpass "^0.1.1"
    jsbn "~0.1.0"
    safer-buffer "^2.0.2"
    tweetnacl "~0.14.0"

stealthy-require@^1.1.0:
  version "1.1.1"
  resolved "http://registry.npm.taobao.org/stealthy-require/download/stealthy-require-1.1.1.tgz#35b09875b4ff49f26a777e509b3090a3226bf24b"
  integrity sha1-NbCYdbT/SfJqd35QmzCQoyJr8ks=

streamroller@^1.0.1:
  version "1.0.1"
  resolved "http://registry.npm.taobao.org/streamroller/download/streamroller-1.0.1.tgz#6771c9c750638e3ad9de93781d431a05514eeb2f"
  integrity sha1-Z3HJx1BjjjrZ3pN4HUMaBVFO6y8=
  dependencies:
    async "^2.6.1"
    date-format "^2.0.0"
    debug "^3.1.0"
    fs-extra "^7.0.0"
    lodash "^4.17.10"

symbol-tree@^3.2.2:
  version "3.2.2"
  resolved "http://registry.npm.taobao.org/symbol-tree/download/symbol-tree-3.2.2.tgz#ae27db38f660a7ae2e1c3b7d1bc290819b8519e6"
  integrity sha1-rifbOPZgp64uHDt9G8KQgZuFGeY=

system-sleep@^1.3.6:
  version "1.3.6"
  resolved "http://registry.npm.taobao.org/system-sleep/download/system-sleep-1.3.6.tgz#ed9b698ae991f3e6cee85aa0083c9a06a9b6bc03"
  integrity sha1-7ZtpiumR8+bO6FqgCDyaBqm2vAM=
  dependencies:
    deasync-promise "1.0.1"

tinytim@0.1.1:
  version "0.1.1"
  resolved "http://registry.npm.taobao.org/tinytim/download/tinytim-0.1.1.tgz#c968a1e5559ad9553224ef7627bab34e3caef8a8"
  integrity sha1-yWih5VWa2VUyJO92J7qzTjyu+Kg=

tough-cookie@>=2.3.3:
  version "3.0.0"
  resolved "http://registry.npm.taobao.org/tough-cookie/download/tough-cookie-3.0.0.tgz#d2bceddebde633153ff20a52fa844a0dc71dacef"
  integrity sha1-0rzt3r3mMxU/8gpS+oRKDccdrO8=
  dependencies:
    ip-regex "^3.0.0"
    psl "^1.1.28"
    punycode "^2.1.1"

tough-cookie@^2.5.0:
  version "2.5.0"
  resolved "http://registry.npm.taobao.org/tough-cookie/download/tough-cookie-2.5.0.tgz#cd9fb2a0aa1d5a12b473bd9fb96fa3dcff65ade2"
  integrity sha1-zZ+yoKodWhK0c72fuW+j3P9lreI=
  dependencies:
    psl "^1.1.28"
    punycode "^2.1.1"

tough-cookie@~2.4.3:
  version "2.4.3"
  resolved "http://registry.npm.taobao.org/tough-cookie/download/tough-cookie-2.4.3.tgz#53f36da3f47783b0925afa06ff9f3b165280f781"
  integrity sha1-U/Nto/R3g7CSWvoG/587FlKA94E=
  dependencies:
    psl "^1.1.24"
    punycode "^1.4.1"

tr46@^1.0.1:
  version "1.0.1"
  resolved "http://registry.npm.taobao.org/tr46/download/tr46-1.0.1.tgz#a8b13fd6bfd2489519674ccde55ba3693b706d09"
  integrity sha1-qLE/1r/SSJUZZ0zN5VujaTtwbQk=
  dependencies:
    punycode "^2.1.0"

tracer@^0.9.8:
  version "0.9.8"
  resolved "http://registry.npm.taobao.org/tracer/download/tracer-0.9.8.tgz#a97862568ce08b2c0b1f8cc753bd2f61fc42296a"
  integrity sha1-qXhiVozgiywLH4zHU70vYfxCKWo=
  dependencies:
    colors "1.3.3"
    dateformat "3.0.3"
    mkdirp "^0.5.1"
    tinytim "0.1.1"

tunnel-agent@^0.6.0:
  version "0.6.0"
  resolved "http://registry.npm.taobao.org/tunnel-agent/download/tunnel-agent-0.6.0.tgz#27a5dea06b36b04a0a9966774b290868f0fc40fd"
  integrity sha1-J6XeoGs2sEoKmWZ3SykIaPD8QP0=
  dependencies:
    safe-buffer "^5.0.1"

tweetnacl@^0.14.3, tweetnacl@~0.14.0:
  version "0.14.5"
  resolved "http://registry.npm.taobao.org/tweetnacl/download/tweetnacl-0.14.5.tgz#5ae68177f192d4456269d108afa93ff8743f4f64"
  integrity sha1-WuaBd/GS1EViadEIr6k/+HQ/T2Q=

type-check@~0.3.2:
  version "0.3.2"
  resolved "http://registry.npm.taobao.org/type-check/download/type-check-0.3.2.tgz#5884cab512cf1d355e3fb784f30804b2b520db72"
  integrity sha1-WITKtRLPHTVeP7eE8wgEsrUg23I=
  dependencies:
    prelude-ls "~1.1.2"

universalify@^0.1.0:
  version "0.1.2"
  resolved "http://registry.npm.taobao.org/universalify/download/universalify-0.1.2.tgz#b646f69be3942dabcecc9d6639c80dc105efaa66"
  integrity sha1-tkb2m+OULavOzJ1mOcgNwQXvqmY=

uri-js@^4.2.2:
  version "4.2.2"
  resolved "http://registry.npm.taobao.org/uri-js/download/uri-js-4.2.2.tgz#94c540e1ff772956e2299507c010aea6c8838eb0"
  integrity sha1-lMVA4f93KVbiKZUHwBCupsiDjrA=
  dependencies:
    punycode "^2.1.0"

uuid@^3.3.2:
  version "3.3.2"
  resolved "http://registry.npm.taobao.org/uuid/download/uuid-3.3.2.tgz#1b4af4955eb3077c501c23872fc6513811587131"
  integrity sha1-G0r0lV6zB3xQHCOHL8ZROBFYcTE=

verror@1.10.0:
  version "1.10.0"
  resolved "http://registry.npm.taobao.org/verror/download/verror-1.10.0.tgz#3a105ca17053af55d6e270c1f8288682e18da400"
  integrity sha1-OhBcoXBTr1XW4nDB+CiGguGNpAA=
  dependencies:
    assert-plus "^1.0.0"
    core-util-is "1.0.2"
    extsprintf "^1.2.0"

w3c-hr-time@^1.0.1:
  version "1.0.1"
  resolved "http://registry.npm.taobao.org/w3c-hr-time/download/w3c-hr-time-1.0.1.tgz#82ac2bff63d950ea9e3189a58a65625fedf19045"
  integrity sha1-gqwr/2PZUOqeMYmlimViX+3xkEU=
  dependencies:
    browser-process-hrtime "^0.1.2"

w3c-xmlserializer@^1.0.1:
  version "1.0.1"
  resolved "http://registry.npm.taobao.org/w3c-xmlserializer/download/w3c-xmlserializer-1.0.1.tgz#054cdcd359dc5d1f3ec9be4e272c756af4b21d39"
  integrity sha1-BUzc01ncXR8+yb5OJyx1avSyHTk=
  dependencies:
    domexception "^1.0.1"
    webidl-conversions "^4.0.2"
    xml-name-validator "^3.0.0"

webidl-conversions@^4.0.2:
  version "4.0.2"
  resolved "http://registry.npm.taobao.org/webidl-conversions/download/webidl-conversions-4.0.2.tgz#a855980b1f0b6b359ba1d5d9fb39ae941faa63ad"
  integrity sha1-qFWYCx8LazWbodXZ+zmulB+qY60=

whatwg-encoding@^1.0.1, whatwg-encoding@^1.0.5:
  version "1.0.5"
  resolved "http://registry.npm.taobao.org/whatwg-encoding/download/whatwg-encoding-1.0.5.tgz#5abacf777c32166a51d085d6b4f3e7d27113ddb0"
  integrity sha1-WrrPd3wyFmpR0IXWtPPn0nET3bA=
  dependencies:
    iconv-lite "0.4.24"

whatwg-mimetype@^2.2.0, whatwg-mimetype@^2.3.0:
  version "2.3.0"
  resolved "http://registry.npm.taobao.org/whatwg-mimetype/download/whatwg-mimetype-2.3.0.tgz#3d4b1e0312d2079879f826aff18dbeeca5960fbf"
  integrity sha1-PUseAxLSB5h5+Cav8Y2+7KWWD78=

whatwg-url@^7.0.0:
  version "7.0.0"
  resolved "http://registry.npm.taobao.org/whatwg-url/download/whatwg-url-7.0.0.tgz#fde926fa54a599f3adf82dff25a9f7be02dc6edd"
  integrity sha1-/ekm+lSlmfOt+C3/Jan3vgLcbt0=
  dependencies:
    lodash.sortby "^4.7.0"
    tr46 "^1.0.1"
    webidl-conversions "^4.0.2"

wordwrap@~1.0.0:
  version "1.0.0"
  resolved "http://registry.npm.taobao.org/wordwrap/download/wordwrap-1.0.0.tgz#27584810891456a4171c8d0226441ade90cbcaeb"
  integrity sha1-J1hIEIkUVqQXHI0CJkQa3pDLyus=

ws@^6.1.2:
  version "6.1.3"
  resolved "http://registry.npm.taobao.org/ws/download/ws-6.1.3.tgz#d2d2e5f0e3c700ef2de89080ebc0ac6e1bf3a72d"
  integrity sha1-0tLl8OPHAO8t6JCA68Csbhvzpy0=
  dependencies:
    async-limiter "~1.0.0"

xml-name-validator@^3.0.0:
  version "3.0.0"
  resolved "http://registry.npm.taobao.org/xml-name-validator/download/xml-name-validator-3.0.0.tgz#6ae73e06de4d8c6e47f9fb181f78d648ad457c6a"
  integrity sha1-auc+Bt5NjG5H+fsYH3jWSK1FfGo=

xmlchars@^1.3.1:
  version "1.3.1"
  resolved "http://registry.npm.taobao.org/xmlchars/download/xmlchars-1.3.1.tgz#1dda035f833dbb4f86a0c28eaa6ca769214793cf"
  integrity sha1-HdoDX4M9u0+GoMKOqmynaSFHk88=
